dependencies:
- name: ingress-nginx
  repository: https://kubernetes.github.io/ingress-nginx
  version: 4.15.1
- name: argo-rollouts
  repository: https://argoproj.github.io/argo-helm
  version: 2.40.9
- name: cert-manager
  repository: https://charts.jetstack.io
  version: v1.20.2
- name: prometheus
  repository: https://prometheus-community.github.io/helm-charts
  version: 29.6.0
- name: grafana
  repository: https://grafana-community.github.io/helm-charts
  version: 12.3.2
- name: loki
  repository: https://grafana.github.io/helm-charts
  version: 7.0.0
- name: promtail
  repository: https://grafana.github.io/helm-charts
  version: 6.17.1
digest: sha256:3db92b8e445a69c000b306d632973fb328772e450f930a05ea6d57b0374cb3b6
generated: "2026-05-20T23:23:55.602679+09:00"
