dependencies:
- name: mysql
  repository: oci://registry-1.docker.io/bitnamicharts
  version: 14.0.3
- name: redis
  repository: oci://registry-1.docker.io/bitnamicharts
  version: 25.5.3
digest: sha256:f1885daca827facb47cba96c0eefbf3423c2d14c66bc016212f6dca2a63bcf8c
generated: "2026-05-20T21:52:27.722041+09:00"
